
Microsoft Visual Studio Solution File, Format Version 12.00
# Visual Studio Version 17
VisualStudioVersion = 17.14.36212.18 d17.14
MinimumVisualStudioVersion = 10.0.40219.1
Project("{FAE04EC0-301F-11D3-BF4B-00C04F79EFBC}") = "Financial Forecasting", "Financial Forecasting.csproj", "{367A6CD0-38A1-402F-A656-8EBDE4C7073F}"
EndProject
Global
	GlobalSection(SolutionConfigurationPlatforms) = preSolution
		Debug|Any CPU = Debug|Any CPU
		Release|Any CPU = Release|Any CPU
	EndGlobalSection
	GlobalSection(ProjectConfigurationPlatforms) = postSolution
		{367A6CD0-38A1-402F-A656-8EBDE4C7073F}.Debug|Any CPU.ActiveCfg = Debug|Any CPU
		{367A6CD0-38A1-402F-A656-8EBDE4C7073F}.Debug|Any CPU.Build.0 = Debug|Any CPU
		{367A6CD0-38A1-402F-A656-8EBDE4C7073F}.Release|Any CPU.ActiveCfg = Release|Any CPU
		{367A6CD0-38A1-402F-A656-8EBDE4C7073F}.Release|Any CPU.Build.0 = Release|Any CPU
	EndGlobalSection
	GlobalSection(SolutionProperties) = preSolution
		HideSolutionNode = FALSE
	EndGlobalSection
	GlobalSection(ExtensibilityGlobals) = postSolution
		SolutionGuid = {507A9575-3B13-4A14-A233-DE4230015BCB}
	EndGlobalSection
EndGlobal
